id: FrequencyShifter
label: Frequency Shifter Block
category: '[GRC Hier Blocks]'

parameters:
-   id: frequency
    label: Frequency
    dtype: real
    default: '0'
    hide: none
-   id: samp_rate
    label: Samp Rate
    dtype: real
    default: '0'
    hide: none

inputs:
-   label: in
    dtype: complex
    vlen: 1

outputs:
-   label: out
    dtype: complex
    vlen: 1

templates:
    imports: 'from FrequencyShifter import FrequencyShifter  # grc-generated hier_block'
    make: "FrequencyShifter(\n    frequency=${ frequency },\n    samp_rate=${ samp_rate\
        \ },\n)"
    callbacks:
    - set_frequency(${ frequency })
    - set_samp_rate(${ samp_rate })

documentation: /home/saad/gnuradio/official_tutorials/FrequencyShifter.py
grc_source: /home/saad/gnuradio/official_tutorials/FrequencyShifter.grc

file_format: 1
